// !$*UTF8*$!
{
	archiveVersion = 1;
	classes = {
	};
	objectVersion = 50;
	objects = {

/* Begin PBXBuildFile section */
		DFBEC64D25CDB02D00E097EA /* AppDelegate.swift in Sources */ = {isa = PBXBuildFile; fileRef = DFBEC64C25CDB02D00E097EA /* AppDelegate.swift */; };
		DFBEC65125CDB02D00E097EA /* ViewController.swift in Sources */ = {isa = PBXBuildFile; fileRef = DFBEC65025CDB02D00E097EA /* ViewController.swift */; };
		DFBEC65625CDB02F00E097EA /* Assets.xcassets in Resources */ = {isa = PBXBuildFile; fileRef = DFBEC65525CDB02F00E097EA /* Assets.xcassets */; };
		DFBEC66425CDB02F00E097EA /* AboutCanadaTests.swift in Sources */ = {isa = PBXBuildFile; fileRef = DFBEC66325CDB02F00E097EA /* AboutCanadaTests.swift */; };
		DFBEC67625CDB0E000E097EA /* LaunchScreen.storyboard in Resources */ = {isa = PBXBuildFile; fileRef = DFBEC67125CDB0E000E097EA /* LaunchScreen.storyboard */; };
/* End PBXBuildFile section */

/* Begin PBXContainerItemProxy section */
		DFBEC66025CDB02F00E097EA /* PBXContainerItemProxy */ = {
			isa = PBXContainerItemProxy;
			containerPortal = DFBEC64125CDB02D00E097EA /* Project object */;
			proxyType = 1;
			remoteGlobalIDString = DFBEC64825CDB02D00E097EA;
			remoteInfo = AboutCanada;
		};
/* End PBXContainerItemProxy section */

/* Begin PBXFileReference section */
		DFBEC64925CDB02D00E097EA /* AboutCanada.app */ = {isa = PBXFileReference; explicitFileType = wrapper.application; includeInIndex = 0; path = AboutCanada.app; sourceTree = BUILT_PRODUCTS_DIR; };
		DFBEC64C25CDB02D00E097EA /* AppDelegate.swift */ = {isa = PBXFileReference; lastKnownFileType = sourcecode.swift; path = AppDelegate.swift; sourceTree = "<group>"; };
		DFBEC65025CDB02D00E097EA /* ViewController.swift */ = {isa = PBXFileReference; lastKnownFileType = sourcecode.swift; path = ViewController.swift; sourceTree = "<group>"; };
		DFBEC65525CDB02F00E097EA /* Assets.xcassets */ = {isa = PBXFileReference; lastKnownFileType = folder.assetcatalog; path = Assets.xcassets; sourceTree = "<group>"; };
		DFBEC65A25CDB02F00E097EA /* Info.plist */ = {isa = PBXFileReference; lastKnownFileType = text.plist.xml; path = Info.plist; sourceTree = "<group>"; };
		DFBEC65F25CDB02F00E097EA /* AboutCanadaTests.xctest */ = {isa = PBXFileReference; explicitFileType = wrapper.cfbundle; includeInIndex = 0; path = AboutCanadaTests.xctest; sourceTree = BUILT_PRODUCTS_DIR; };
		DFBEC66325CDB02F00E097EA /* AboutCanadaTests.swift */ = {isa = PBXFileReference; lastKnownFileType = sourcecode.swift; path = AboutCanadaTests.swift; sourceTree = "<group>"; };
		DFBEC66525CDB02F00E097EA /* Info.plist */ = {isa = PBXFileReference; lastKnownFileType = text.plist.xml; path = Info.plist; sourceTree = "<group>"; };
		DFBEC67225CDB0E000E097EA /* Base */ = {isa = PBXFileReference; lastKnownFileType = file.storyboard; name = Base; path = Base.lproj/LaunchScreen.storyboard; sourceTree = "<group>"; };
/* End PBXFileReference section */

/* Begin PBXFrameworksBuildPhase section */
		DFBEC64625CDB02D00E097EA /* Frameworks */ = {
			isa = PBXFrameworksBuildPhase;
			buildActionMask = 2147483647;
			files = (
			);
			runOnlyForDeploymentPostprocessing = 0;
		};
		DFBEC65C25CDB02F00E097EA /* Frameworks */ = {
			isa = PBXFrameworksBuildPhase;
			buildActionMask = 2147483647;
			files = (
			);
			runOnlyForDeploymentPostprocessing = 0;
		};
/* End PBXFrameworksBuildPhase section */

/* Begin PBXGroup section */
		DFBEC64025CDB02D00E097EA = {
			isa = PBXGroup;
			children = (
				DFBEC64B25CDB02D00E097EA /* AboutCanada */,
				DFBEC66225CDB02F00E097EA /* AboutCanadaTests */,
				DFBEC64A25CDB02D00E097EA /* Products */,
			);
			sourceTree = "<group>";
		};
		DFBEC64A25CDB02D00E097EA /* Products */ = {
			isa = PBXGroup;
			children = (
				DFBEC64925CDB02D00E097EA /* AboutCanada.app */,
				DFBEC65F25CDB02F00E097EA /* AboutCanadaTests.xctest */,
			);
			name = Products;
			sourceTree = "<group>";
		};
		DFBEC64B25CDB02D00E097EA /* AboutCanada */ = {
			isa = PBXGroup;
			children = (
				DFBEC67925CDB39F00E097EA /* App */,
				DFBEC67525CDB0E000E097EA /* Model */,
				DFBEC67025CDB0E000E097EA /* View */,
				DFBEC66F25CDB0E000E097EA /* ViewModel */,
				DFBEC67325CDB0E000E097EA /* Controller */,
				DFBEC66E25CDB0E000E097EA /* Manager */,
				DFBEC67B25CDB3D500E097EA /* Extension */,
				DFBEC67A25CDB3CC00E097EA /* Helper */,
				DFBEC67825CDB10000E097EA /* Resource */,
			);
			path = AboutCanada;
			sourceTree = "<group>";
		};
		DFBEC66225CDB02F00E097EA /* AboutCanadaTests */ = {
			isa = PBXGroup;
			children = (
				DFBEC66325CDB02F00E097EA /* AboutCanadaTests.swift */,
				DFBEC66525CDB02F00E097EA /* Info.plist */,
			);
			path = AboutCanadaTests;
			sourceTree = "<group>";
		};
		DFBEC66E25CDB0E000E097EA /* Manager */ = {
			isa = PBXGroup;
			children = (
			);
			path = Manager;
			sourceTree = "<group>";
		};
		DFBEC66F25CDB0E000E097EA /* ViewModel */ = {
			isa = PBXGroup;
			children = (
			);
			path = ViewModel;
			sourceTree = "<group>";
		};
		DFBEC67025CDB0E000E097EA /* View */ = {
			isa = PBXGroup;
			children = (
				DFBEC67125CDB0E000E097EA /* LaunchScreen.storyboard */,
			);
			path = View;
			sourceTree = "<group>";
		};
		DFBEC67325CDB0E000E097EA /* Controller */ = {
			isa = PBXGroup;
			children = (
				DFBEC65025CDB02D00E097EA /* ViewController.swift */,
			);
			path = Controller;
			sourceTree = "<group>";
		};
		DFBEC67525CDB0E000E097EA /* Model */ = {
			isa = PBXGroup;
			children = (
			);
			path = Model;
			sourceTree = "<group>";
		};
		DFBEC67825CDB10000E097EA /* Resource */ = {
			isa = PBXGroup;
			children = (
				DFBEC65525CDB02F00E097EA /* Assets.xcassets */,
				DFBEC65A25CDB02F00E097EA /* Info.plist */,
			);
			path = Resource;
			sourceTree = "<group>";
		};
		DFBEC67925CDB39F00E097EA /* App */ = {
			isa = PBXGroup;
			children = (
				DFBEC64C25CDB02D00E097EA /* AppDelegate.swift */,
			);
			path = App;
			sourceTree = "<group>";
		};
		DFBEC67A25CDB3CC00E097EA /* Helper */ = {
			isa = PBXGroup;
			children = (
			);
			path = Helper;
			sourceTree = "<group>";
		};
		DFBEC67B25CDB3D500E097EA /* Extension */ = {
			isa = PBXGroup;
			children = (
			);
			path = Extension;
			sourceTree = "<group>";
		};
/* End PBXGroup section */

/* Begin PBXNativeTarget section */
		DFBEC64825CDB02D00E097EA /* AboutCanada */ = {
			isa = PBXNativeTarget;
			buildConfigurationList = DFBEC66825CDB02F00E097EA /* Build configuration list for PBXNativeTarget "AboutCanada" */;
			buildPhases = (
				DFBEC64525CDB02D00E097EA /* Sources */,
				DFBEC64625CDB02D00E097EA /* Frameworks */,
				DFBEC64725CDB02D00E097EA /* Resources */,
			);
			buildRules = (
			);
			dependencies = (
			);
			name = AboutCanada;
			productName = AboutCanada;
			productReference = DFBEC64925CDB02D00E097EA /* AboutCanada.app */;
			productType = "com.apple.product-type.application";
		};
		DFBEC65E25CDB02F00E097EA /* AboutCanadaTests */ = {
			isa = PBXNativeTarget;
			buildConfigurationList = DFBEC66B25CDB02F00E097EA /* Build configuration list for PBXNativeTarget "AboutCanadaTests" */;
			buildPhases = (
				DFBEC65B25CDB02F00E097EA /* Sources */,
				DFBEC65C25CDB02F00E097EA /* Frameworks */,
				DFBEC65D25CDB02F00E097EA /* Resources */,
			);
			buildRules = (
			);
			dependencies = (
				DFBEC66125CDB02F00E097EA /* PBXTargetDependency */,
			);
			name = AboutCanadaTests;
			productName = AboutCanadaTests;
			productReference = DFBEC65F25CDB02F00E097EA /* AboutCanadaTests.xctest */;
			productType = "com.apple.product-type.bundle.unit-test";
		};
/* End PBXNativeTarget section */

/* Begin PBXProject section */
		DFBEC64125CDB02D00E097EA /* Project object */ = {
			isa = PBXProject;
			attributes = {
				LastSwiftUpdateCheck = 1150;
				LastUpgradeCheck = 1150;
				ORGANIZATIONNAME = "Vivek Goswami";
				TargetAttributes = {
					DFBEC64825CDB02D00E097EA = {
						CreatedOnToolsVersion = 11.5;
					};
					DFBEC65E25CDB02F00E097EA = {
						CreatedOnToolsVersion = 11.5;
						TestTargetID = DFBEC64825CDB02D00E097EA;
					};
				};
			};
			buildConfigurationList = DFBEC64425CDB02D00E097EA /* Build configuration list for PBXProject "AboutCanada" */;
			compatibilityVersion = "Xcode 9.3";
			developmentRegion = en;
			hasScannedForEncodings = 0;
			knownRegions = (
				en,
				Base,
			);
			mainGroup = DFBEC64025CDB02D00E097EA;
			productRefGroup = DFBEC64A25CDB02D00E097EA /* Products */;
			projectDirPath = "";
			projectRoot = "";
			targets = (
				DFBEC64825CDB02D00E097EA /* AboutCanada */,
				DFBEC65E25CDB02F00E097EA /* AboutCanadaTests */,
			);
		};
/* End PBXProject section */

/* Begin PBXResourcesBuildPhase section */
		DFBEC64725CDB02D00E097EA /* Resources */ = {
			isa = PBXResourcesBuildPhase;
			buildActionMask = 2147483647;
			files = (
				DFBEC65625CDB02F00E097EA /* Assets.xcassets in Resources */,
				DFBEC67625CDB0E000E097EA /* LaunchScreen.storyboard in Resources */,
			);
			runOnlyForDeploymentPostprocessing = 0;
		};
		DFBEC65D25CDB02F00E097EA /* Resources */ = {
			isa = PBXResourcesBuildPhase;
			buildActionMask = 2147483647;
			files = (
			);
			runOnlyForDeploymentPostprocessing = 0;
		};
/* End PBXResourcesBuildPhase section */

/* Begin PBXSourcesBuildPhase section */
		DFBEC64525CDB02D00E097EA /* Sources */ = {
			isa = PBXSourcesBuildPhase;
			buildActionMask = 2147483647;
			files = (
				DFBEC65125CDB02D00E097EA /* ViewController.swift in Sources */,
				DFBEC64D25CDB02D00E097EA /* AppDelegate.swift in Sources */,
			);
			runOnlyForDeploymentPostprocessing = 0;
		};
		DFBEC65B25CDB02F00E097EA /* Sources */ = {
			isa = PBXSourcesBuildPhase;
			buildActionMask = 2147483647;
			files = (
				DFBEC66425CDB02F00E097EA /* AboutCanadaTests.swift in Sources */,
			);
			runOnlyForDeploymentPostprocessing = 0;
		};
/* End PBXSourcesBuildPhase section */

/* Begin PBXTargetDependency section */
		DFBEC66125CDB02F00E097EA /* PBXTargetDependency */ = {
			isa = PBXTargetDependency;
			target = DFBEC64825CDB02D00E097EA /* AboutCanada */;
			targetProxy = DFBEC66025CDB02F00E097EA /* PBXContainerItemProxy */;
		};
/* End PBXTargetDependency section */

/* Begin PBXVariantGroup section */
		DFBEC67125CDB0E000E097EA /* LaunchScreen.storyboard */ = {
			isa = PBXVariantGroup;
			children = (
				DFBEC67225CDB0E000E097EA /* Base */,
			);
			name = LaunchScreen.storyboard;
			sourceTree = "<group>";
		};
/* End PBXVariantGroup section */

/* Begin XCBuildConfiguration section */
		DFBEC66625CDB02F00E097EA /* Debug */ = {
			isa = XCBuildConfiguration;
			buildSettings = {
				ALWAYS_SEARCH_USER_PATHS = NO;
				CLANG_ANALYZER_NONNULL = YES;
				CLANG_ANALYZER_NUMBER_OBJECT_CONVERSION = YES_AGGRESSIVE;
				CLANG_CXX_LANGUAGE_STANDARD = "gnu++14";
				CLANG_CXX_LIBRARY = "libc++";
				CLANG_ENABLE_MODULES = YES;
				CLANG_ENABLE_OBJC_ARC = YES;
				CLANG_ENABLE_OBJC_WEAK = YES;
				CLANG_WARN_BLOCK_CAPTURE_AUTORELEASING = YES;
				CLANG_WARN_BOOL_CONVERSION = YES;
				CLANG_WARN_COMMA = YES;
				CLANG_WARN_CONSTANT_CONVERSION = YES;
				CLANG_WARN_DEPRECATED_OBJC_IMPLEMENTATIONS = YES;
				CLANG_WARN_DIRECT_OBJC_ISA_USAGE = YES_ERROR;
				CLANG_WARN_DOCUMENTATION_COMMENTS = YES;
				CLANG_WARN_EMPTY_BODY = YES;
				CLANG_WARN_ENUM_CONVERSION = YES;
				CLANG_WARN_INFINITE_RECURSION = YES;
				CLANG_WARN_INT_CONVERSION = YES;
				CLANG_WARN_NON_LITERAL_NULL_CONVERSION = YES;
				CLANG_WARN_OBJC_IMPLICIT_RETAIN_SELF = YES;
				CLANG_WARN_OBJC_LITERAL_CONVERSION = YES;
				CLANG_WARN_OBJC_ROOT_CLASS = YES_ERROR;
				CLANG_WARN_RANGE_LOOP_ANALYSIS = YES;
				CLANG_WARN_STRICT_PROTOTYPES = YES;
				CLANG_WARN_SUSPICIOUS_MOVE = YES;
				CLANG_WARN_UNGUARDED_AVAILABILITY = YES_AGGRESSIVE;
				CLANG_WARN_UNREACHABLE_CODE = YES;
				CLANG_WARN__DUPLICATE_METHOD_MATCH = YES;
				COPY_PHASE_STRIP = NO;
				DEBUG_INFORMATION_FORMAT = dwarf;
				ENABLE_STRICT_OBJC_MSGSEND = YES;
				ENABLE_TESTABILITY = YES;
				GCC_C_LANGUAGE_STANDARD = gnu11;
				GCC_DYNAMIC_NO_PIC = NO;
				GCC_NO_COMMON_BLOCKS = YES;
				GCC_OPTIMIZATION_LEVEL = 0;
				GCC_PREPROCESSOR_DEFINITIONS = (
					"DEBUG=1",
					"$(inherited)",
				);
				GCC_WARN_64_TO_32_BIT_CONVERSION = YES;
				GCC_WARN_ABOUT_RETURN_TYPE = YES_ERROR;
				GCC_WARN_UNDECLARED_SELECTOR = YES;
				GCC_WARN_UNINITIALIZED_AUTOS = YES_AGGRESSIVE;
				GCC_WARN_UNUSED_FUNCTION = YES;
				GCC_WARN_UNUSED_VARIABLE = YES;
				IPHONEOS_DEPLOYMENT_TARGET = 13.5;
				MTL_ENABLE_DEBUG_INFO = INCLUDE_SOURCE;
				MTL_FAST_MATH = YES;
				ONLY_ACTIVE_ARCH = YES;
				SDKROOT = iphoneos;
				SWIFT_ACTIVE_COMPILATION_CONDITIONS = DEBUG;
				SWIFT_OPTIMIZATION_LEVEL = "-Onone";
			};
			name = Debug;
		};
		DFBEC66725CDB02F00E097EA /* Release */ = {
			isa = XCBuildConfiguration;
			buildSettings = {
				ALWAYS_SEARCH_USER_PATHS = NO;
				CLANG_ANALYZER_NONNULL = YES;
				CLANG_ANALYZER_NUMBER_OBJECT_CONVERSION = YES_AGGRESSIVE;
				CLANG_CXX_LANGUAGE_STANDARD = "gnu++14";
				CLANG_CXX_LIBRARY = "libc++";
				CLANG_ENABLE_MODULES = YES;
				CLANG_ENABLE_OBJC_ARC = YES;
				CLANG_ENABLE_OBJC_WEAK = YES;
				CLANG_WARN_BLOCK_CAPTURE_AUTORELEASING = YES;
				CLANG_WARN_BOOL_CONVERSION = YES;
				CLANG_WARN_COMMA = YES;
				CLANG_WARN_CONSTANT_CONVERSION = YES;
				CLANG_WARN_DEPRECATED_OBJC_IMPLEMENTATIONS = YES;
				CLANG_WARN_DIRECT_OBJC_ISA_USAGE = YES_ERROR;
				CLANG_WARN_DOCUMENTATION_COMMENTS = YES;
				CLANG_WARN_EMPTY_BODY = YES;
				CLANG_WARN_ENUM_CONVERSION = YES;
				CLANG_WARN_INFINITE_RECURSION = YES;
				CLANG_WARN_INT_CONVERSION = YES;
				CLANG_WARN_NON_LITERAL_NULL_CONVERSION = YES;
				CLANG_WARN_OBJC_IMPLICIT_RETAIN_SELF = YES;
				CLANG_WARN_OBJC_LITERAL_CONVERSION = YES;
				CLANG_WARN_OBJC_ROOT_CLASS = YES_ERROR;
				CLANG_WARN_RANGE_LOOP_ANALYSIS = YES;
				CLANG_WARN_STRICT_PROTOTYPES = YES;
				CLANG_WARN_SUSPICIOUS_MOVE = YES;
				CLANG_WARN_UNGUARDED_AVAILABILITY = YES_AGGRESSIVE;
				CLANG_WARN_UNREACHABLE_CODE = YES;
				CLANG_WARN__DUPLICATE_METHOD_MATCH = YES;
				COPY_PHASE_STRIP = NO;
				DEBUG_INFORMATION_FORMAT = "dwarf-with-dsym";
				ENABLE_NS_ASSERTIONS = NO;
				ENABLE_STRICT_OBJC_MSGSEND = YES;
				GCC_C_LANGUAGE_STANDARD = gnu11;
				GCC_NO_COMMON_BLOCKS = YES;
				GCC_WARN_64_TO_32_BIT_CONVERSION = YES;
				GCC_WARN_ABOUT_RETURN_TYPE = YES_ERROR;
				GCC_WARN_UNDECLARED_SELECTOR = YES;
				GCC_WARN_UNINITIALIZED_AUTOS = YES_AGGRESSIVE;
				GCC_WARN_UNUSED_FUNCTION = YES;
				GCC_WARN_UNUSED_VARIABLE = YES;
				IPHONEOS_DEPLOYMENT_TARGET = 13.5;
				MTL_ENABLE_DEBUG_INFO = NO;
				MTL_FAST_MATH = YES;
				SDKROOT = iphoneos;
				SWIFT_COMPILATION_MODE = wholemodule;
				SWIFT_OPTIMIZATION_LEVEL = "-O";
				VALIDATE_PRODUCT = YES;
			};
			name = Release;
		};
		DFBEC66925CDB02F00E097EA /* Debug */ = {
			isa = XCBuildConfiguration;
			buildSettings = {
				ASSETCATALOG_COMPILER_APPICON_NAME = AppIcon;
				CODE_SIGN_STYLE = Automatic;
				CURRENT_PROJECT_VERSION = 1;
				INFOPLIST_FILE = "$(SRCROOT)/AboutCanada/Resource/Info.plist";
				IPHONEOS_DEPLOYMENT_TARGET = 12.0;
				LD_RUNPATH_SEARCH_PATHS = (
					"$(inherited)",
					"@executable_path/Frameworks",
				);
				MARKETING_VERSION = 1.0;
				PRODUCT_BUNDLE_IDENTIFIER = com.aboutcanada.app;
				PRODUCT_NAME = "$(TARGET_NAME)";
				SWIFT_VERSION = 5.0;
				TARGETED_DEVICE_FAMILY = "1,2";
			};
			name = Debug;
		};
		DFBEC66A25CDB02F00E097EA /* Release */ = {
			isa = XCBuildConfiguration;
			buildSettings = {
				ASSETCATALOG_COMPILER_APPICON_NAME = AppIcon;
				CODE_SIGN_STYLE = Automatic;
				CURRENT_PROJECT_VERSION = 1;
				INFOPLIST_FILE = "$(SRCROOT)/AboutCanada/Resource/Info.plist";
				IPHONEOS_DEPLOYMENT_TARGET = 12.0;
				LD_RUNPATH_SEARCH_PATHS = (
					"$(inherited)",
					"@executable_path/Frameworks",
				);
				MARKETING_VERSION = 1.0;
				PRODUCT_BUNDLE_IDENTIFIER = com.aboutcanada.app;
				PRODUCT_NAME = "$(TARGET_NAME)";
				SWIFT_VERSION = 5.0;
				TARGETED_DEVICE_FAMILY = "1,2";
			};
			name = Release;
		};
		DFBEC66C25CDB02F00E097EA /* Debug */ = {
			isa = XCBuildConfiguration;
			buildSettings = {
				ALWAYS_EMBED_SWIFT_STANDARD_LIBRARIES = YES;
				BUNDLE_LOADER = "$(TEST_HOST)";
				CODE_SIGN_STYLE = Automatic;
				INFOPLIST_FILE = AboutCanadaTests/Info.plist;
				IPHONEOS_DEPLOYMENT_TARGET = 13.5;
				LD_RUNPATH_SEARCH_PATHS = (
					"$(inherited)",
					"@executable_path/Frameworks",
					"@loader_path/Frameworks",
				);
				PRODUCT_BUNDLE_IDENTIFIER = com.facts.app.AboutCanadaTests;
				PRODUCT_NAME = "$(TARGET_NAME)";
				SWIFT_VERSION = 5.0;
				TARGETED_DEVICE_FAMILY = "1,2";
				TEST_HOST = "$(BUILT_PRODUCTS_DIR)/AboutCanada.app/AboutCanada";
			};
			name = Debug;
		};
		DFBEC66D25CDB02F00E097EA /* Release */ = {
			isa = XCBuildConfiguration;
			buildSettings = {
				ALWAYS_EMBED_SWIFT_STANDARD_LIBRARIES = YES;
				BUNDLE_LOADER = "$(TEST_HOST)";
				CODE_SIGN_STYLE = Automatic;
				INFOPLIST_FILE = AboutCanadaTests/Info.plist;
				IPHONEOS_DEPLOYMENT_TARGET = 13.5;
				LD_RUNPATH_SEARCH_PATHS = (
					"$(inherited)",
					"@executable_path/Frameworks",
					"@loader_path/Frameworks",
				);
				PRODUCT_BUNDLE_IDENTIFIER = com.facts.app.AboutCanadaTests;
				PRODUCT_NAME = "$(TARGET_NAME)";
				SWIFT_VERSION = 5.0;
				TARGETED_DEVICE_FAMILY = "1,2";
				TEST_HOST = "$(BUILT_PRODUCTS_DIR)/AboutCanada.app/AboutCanada";
			};
			name = Release;
		};
/* End XCBuildConfiguration section */

/* Begin XCConfigurationList section */
		DFBEC64425CDB02D00E097EA /* Build configuration list for PBXProject "AboutCanada" */ = {
			isa = XCConfigurationList;
			buildConfigurations = (
				DFBEC66625CDB02F00E097EA /* Debug */,
				DFBEC66725CDB02F00E097EA /* Release */,
			);
			defaultConfigurationIsVisible = 0;
			defaultConfigurationName = Release;
		};
		DFBEC66825CDB02F00E097EA /* Build configuration list for PBXNativeTarget "AboutCanada" */ = {
			isa = XCConfigurationList;
			buildConfigurations = (
				DFBEC66925CDB02F00E097EA /* Debug */,
				DFBEC66A25CDB02F00E097EA /* Release */,
			);
			defaultConfigurationIsVisible = 0;
			defaultConfigurationName = Release;
		};
		DFBEC66B25CDB02F00E097EA /* Build configuration list for PBXNativeTarget "AboutCanadaTests" */ = {
			isa = XCConfigurationList;
			buildConfigurations = (
				DFBEC66C25CDB02F00E097EA /* Debug */,
				DFBEC66D25CDB02F00E097EA /* Release */,
			);
			defaultConfigurationIsVisible = 0;
			defaultConfigurationName = Release;
		};
/* End XCConfigurationList section */
	};
	rootObject = DFBEC64125CDB02D00E097EA /* Project object */;
}
